
Microsoft Visual Studio Solution File, Format Version 12.00
# Visual Studio 15
VisualStudioVersion = 15.0.27130.2036
MinimumVisualStudioVersion = 10.0.40219.1
Project("{FAE04EC0-301F-11D3-BF4B-00C04F79EFBC}") = "1-BasicLambdas", "1-BasicLambdas\1-BasicLambdas.csproj", "{E825FDAD-0B1D-4DF5-BC33-FEDDAEDF4E66}"
EndProject
Project("{FAE04EC0-301F-11D3-BF4B-00C04F79EFBC}") = "2-LambdaDelegates", "2-LambdaDelegates\2-LambdaDelegates.csproj", "{9DA76E22-032C-4D1A-B000-ACCE76656FF2}"
EndProject
Global
	GlobalSection(SolutionConfigurationPlatforms) = preSolution
		Debug|Any CPU = Debug|Any CPU
		Release|Any CPU = Release|Any CPU
	EndGlobalSection
	GlobalSection(ProjectConfigurationPlatforms) = postSolution
		{E825FDAD-0B1D-4DF5-BC33-FEDDAEDF4E66}.Debug|Any CPU.ActiveCfg = Debug|Any CPU
		{E825FDAD-0B1D-4DF5-BC33-FEDDAEDF4E66}.Debug|Any CPU.Build.0 = Debug|Any CPU
		{E825FDAD-0B1D-4DF5-BC33-FEDDAEDF4E66}.Release|Any CPU.ActiveCfg = Release|Any CPU
		{E825FDAD-0B1D-4DF5-BC33-FEDDAEDF4E66}.Release|Any CPU.Build.0 = Release|Any CPU
		{9DA76E22-032C-4D1A-B000-ACCE76656FF2}.Debug|Any CPU.ActiveCfg = Debug|Any CPU
		{9DA76E22-032C-4D1A-B000-ACCE76656FF2}.Debug|Any CPU.Build.0 = Debug|Any CPU
		{9DA76E22-032C-4D1A-B000-ACCE76656FF2}.Release|Any CPU.ActiveCfg = Release|Any CPU
		{9DA76E22-032C-4D1A-B000-ACCE76656FF2}.Release|Any CPU.Build.0 = Release|Any CPU
	EndGlobalSection
	GlobalSection(SolutionProperties) = preSolution
		HideSolutionNode = FALSE
	EndGlobalSection
	GlobalSection(ExtensibilityGlobals) = postSolution
		SolutionGuid = {A0130CE7-FADC-483F-ADC0-4009FA838F3B}
	EndGlobalSection
EndGlobal
